
Microsoft Visual Studio Solution File, Format Version 12.00
# Visual Studio Version 16
VisualStudioVersion = 16.0.30114.105
MinimumVisualStudioVersion = 10.0.40219.1
Project("{6EC3EE1D-3C4E-46DD-8F32-0CC8E7565705}") = "Seff.Rhino", "Seff.Rhino.fsproj", "{D265B7AC-8573-475F-A61A-558FFB7198D0}"
EndProject
Global
	GlobalSection(SolutionConfigurationPlatforms) = preSolution
		Debug|Any CPU = Debug|Any CPU
		Release|Any CPU = Release|Any CPU
	EndGlobalSection
	GlobalSection(ProjectConfigurationPlatforms) = postSolution
		{D265B7AC-8573-475F-A61A-558FFB7198D0}.Debug|Any CPU.ActiveCfg = Debug|Any CPU
		{D265B7AC-8573-475F-A61A-558FFB7198D0}.Debug|Any CPU.Build.0 = Debug|Any CPU
		{D265B7AC-8573-475F-A61A-558FFB7198D0}.Release|Any CPU.ActiveCfg = Release|Any CPU
		{D265B7AC-8573-475F-A61A-558FFB7198D0}.Release|Any CPU.Build.0 = Release|Any CPU
	EndGlobalSection
	GlobalSection(SolutionProperties) = preSolution
		HideSolutionNode = FALSE
	EndGlobalSection
	GlobalSection(ExtensibilityGlobals) = postSolution
		SolutionGuid = {8B547F47-271E-438B-BBEC-E255A33BD812}
	EndGlobalSection
EndGlobal
